
Microsoft Visual Studio Solution File, Format Version 12.00
# Visual Studio Version 17
VisualStudioVersion = 17.11.35327.3
MinimumVisualStudioVersion = 10.0.40219.1
Project("{FAE04EC0-301F-11D3-BF4B-00C04F79EFBC}") = "IAM", "IAM\IAM.csproj", "{7EB5E25A-0134-4CAA-8884-757C82424D41}"
EndProject
Global
	GlobalSection(SolutionConfigurationPlatforms) = preSolution
		Debug|Any CPU = Debug|Any CPU
		Release|Any CPU = Release|Any CPU
	EndGlobalSection
	GlobalSection(ProjectConfigurationPlatforms) = postSolution
		{7EB5E25A-0134-4CAA-8884-757C82424D41}.Debug|Any CPU.ActiveCfg = Debug|Any CPU
		{7EB5E25A-0134-4CAA-8884-757C82424D41}.Debug|Any CPU.Build.0 = Debug|Any CPU
		{7EB5E25A-0134-4CAA-8884-757C82424D41}.Release|Any CPU.ActiveCfg = Release|Any CPU
		{7EB5E25A-0134-4CAA-8884-757C82424D41}.Release|Any CPU.Build.0 = Release|Any CPU
	EndGlobalSection
	GlobalSection(SolutionProperties) = preSolution
		HideSolutionNode = FALSE
	EndGlobalSection
	GlobalSection(ExtensibilityGlobals) = postSolution
		SolutionGuid = {D45F9F0D-F9D0-434E-A8C0-DCF4289A92BF}
	EndGlobalSection
EndGlobal
